
Microsoft Visual Studio Solution File, Format Version 12.00
# Visual Studio 15
VisualStudioVersion = 15.0.27428.2037
MinimumVisualStudioVersion = 10.0.40219.1
Project("{FAE04EC0-301F-11D3-BF4B-00C04F79EFBC}") = "ShopServerLibrary", "ShopServerLibrary\ShopServerLibrary.csproj", "{6DD401C7-6336-4622-9F42-A81CAC26127B}"
EndProject
Project("{FAE04EC0-301F-11D3-BF4B-00C04F79EFBC}") = "ShopHost", "ShopHost\ShopHost.csproj", "{B3604A9D-B5F6-4461-B455-55FCAF678587}"
EndProject
Project("{FAE04EC0-301F-11D3-BF4B-00C04F79EFBC}") = "ShopClient", "ShopClient\ShopClient.csproj", "{87CA7D37-27E4-4AD4-A5A5-B07F0351E6A0}"
EndProject
Global
	GlobalSection(SolutionConfigurationPlatforms) = preSolution
		Debug|Any CPU = Debug|Any CPU
		Release|Any CPU = Release|Any CPU
	EndGlobalSection
	GlobalSection(ProjectConfigurationPlatforms) = postSolution
		{6DD401C7-6336-4622-9F42-A81CAC26127B}.Debug|Any CPU.ActiveCfg = Debug|Any CPU
		{6DD401C7-6336-4622-9F42-A81CAC26127B}.Debug|Any CPU.Build.0 = Debug|Any CPU
		{6DD401C7-6336-4622-9F42-A81CAC26127B}.Release|Any CPU.ActiveCfg = Release|Any CPU
		{6DD401C7-6336-4622-9F42-A81CAC26127B}.Release|Any CPU.Build.0 = Release|Any CPU
		{B3604A9D-B5F6-4461-B455-55FCAF678587}.Debug|Any CPU.ActiveCfg = Debug|Any CPU
		{B3604A9D-B5F6-4461-B455-55FCAF678587}.Debug|Any CPU.Build.0 = Debug|Any CPU
		{B3604A9D-B5F6-4461-B455-55FCAF678587}.Release|Any CPU.ActiveCfg = Release|Any CPU
		{B3604A9D-B5F6-4461-B455-55FCAF678587}.Release|Any CPU.Build.0 = Release|Any CPU
		{87CA7D37-27E4-4AD4-A5A5-B07F0351E6A0}.Debug|Any CPU.ActiveCfg = Debug|Any CPU
		{87CA7D37-27E4-4AD4-A5A5-B07F0351E6A0}.Debug|Any CPU.Build.0 = Debug|Any CPU
		{87CA7D37-27E4-4AD4-A5A5-B07F0351E6A0}.Release|Any CPU.ActiveCfg = Release|Any CPU
		{87CA7D37-27E4-4AD4-A5A5-B07F0351E6A0}.Release|Any CPU.Build.0 = Release|Any CPU
	EndGlobalSection
	GlobalSection(SolutionProperties) = preSolution
		HideSolutionNode = FALSE
	EndGlobalSection
	GlobalSection(ExtensibilityGlobals) = postSolution
		SolutionGuid = {72C4CDAC-6DAC-4648-B423-CFE8A7A6D8F3}
	EndGlobalSection
EndGlobal
